
Microsoft Visual Studio Solution File, Format Version 12.00
# Visual Studio 2013
VisualStudioVersion = 12.0.40629.0
MinimumVisualStudioVersion = 10.0.40219.1
Project("{2150E333-8FDC-42A3-9474-1A3956D46DE8}") = ".nuget", ".nuget", "{87585D92-892A-4EFA-B297-3989FAF1BA30}"
	ProjectSection(SolutionItems) = preProject
		.nuget\NuGet.Config = .nuget\NuGet.Config
		.nuget\NuGet.exe = .nuget\NuGet.exe
		.nuget\NuGet.targets = .nuget\NuGet.targets
	EndProjectSection
EndProject
Project("{CC5FD16D-436D-48AD-A40C-5A424C6E3E79}") = "ServiceModel", "ServiceModel\ServiceModel.ccproj", "{B713757C-44FF-4DFE-98DE-A3F0014298E7}"
EndProject
Project("{FAE04EC0-301F-11D3-BF4B-00C04F79EFBC}") = "API", "API\API.csproj", "{9451C20E-1599-4E1B-8DB3-6796B6F184E5}"
EndProject
Project("{FAE04EC0-301F-11D3-BF4B-00C04F79EFBC}") = "Processor", "Processor\Processor.csproj", "{FB8FBC3C-E1D5-40DF-ACD6-B24649020E53}"
EndProject
Project("{FAE04EC0-301F-11D3-BF4B-00C04F79EFBC}") = "Processor.Test", "Processor.Test\Processor.Test.csproj", "{A181AEA0-03B3-454D-B32B-DBC79EEE3406}"
EndProject
Project("{FAE04EC0-301F-11D3-BF4B-00C04F79EFBC}") = "Worker", "Worker\Worker.csproj", "{B7DB24A3-D442-4586-9455-B534C21E0D1A}"
EndProject
Global
	GlobalSection(SolutionConfigurationPlatforms) = preSolution
		Debug|Any CPU = Debug|Any CPU
		Release|Any CPU = Release|Any CPU
	EndGlobalSection
	GlobalSection(ProjectConfigurationPlatforms) = postSolution
		{B713757C-44FF-4DFE-98DE-A3F0014298E7}.Debug|Any CPU.ActiveCfg = Debug|Any CPU
		{B713757C-44FF-4DFE-98DE-A3F0014298E7}.Debug|Any CPU.Build.0 = Debug|Any CPU
		{B713757C-44FF-4DFE-98DE-A3F0014298E7}.Release|Any CPU.ActiveCfg = Release|Any CPU
		{B713757C-44FF-4DFE-98DE-A3F0014298E7}.Release|Any CPU.Build.0 = Release|Any CPU
		{9451C20E-1599-4E1B-8DB3-6796B6F184E5}.Debug|Any CPU.ActiveCfg = Debug|Any CPU
		{9451C20E-1599-4E1B-8DB3-6796B6F184E5}.Debug|Any CPU.Build.0 = Debug|Any CPU
		{9451C20E-1599-4E1B-8DB3-6796B6F184E5}.Release|Any CPU.ActiveCfg = Release|Any CPU
		{9451C20E-1599-4E1B-8DB3-6796B6F184E5}.Release|Any CPU.Build.0 = Release|Any CPU
		{FB8FBC3C-E1D5-40DF-ACD6-B24649020E53}.Debug|Any CPU.ActiveCfg = Debug|Any CPU
		{FB8FBC3C-E1D5-40DF-ACD6-B24649020E53}.Debug|Any CPU.Build.0 = Debug|Any CPU
		{FB8FBC3C-E1D5-40DF-ACD6-B24649020E53}.Release|Any CPU.ActiveCfg = Release|Any CPU
		{FB8FBC3C-E1D5-40DF-ACD6-B24649020E53}.Release|Any CPU.Build.0 = Release|Any CPU
		{A181AEA0-03B3-454D-B32B-DBC79EEE3406}.Debug|Any CPU.ActiveCfg = Debug|Any CPU
		{A181AEA0-03B3-454D-B32B-DBC79EEE3406}.Debug|Any CPU.Build.0 = Debug|Any CPU
		{A181AEA0-03B3-454D-B32B-DBC79EEE3406}.Release|Any CPU.ActiveCfg = Release|Any CPU
		{A181AEA0-03B3-454D-B32B-DBC79EEE3406}.Release|Any CPU.Build.0 = Release|Any CPU
		{B7DB24A3-D442-4586-9455-B534C21E0D1A}.Debug|Any CPU.ActiveCfg = Debug|Any CPU
		{B7DB24A3-D442-4586-9455-B534C21E0D1A}.Debug|Any CPU.Build.0 = Debug|Any CPU
		{B7DB24A3-D442-4586-9455-B534C21E0D1A}.Release|Any CPU.ActiveCfg = Release|Any CPU
		{B7DB24A3-D442-4586-9455-B534C21E0D1A}.Release|Any CPU.Build.0 = Release|Any CPU
	EndGlobalSection
	GlobalSection(SolutionProperties) = preSolution
		HideSolutionNode = FALSE
	EndGlobalSection
EndGlobal
