
Microsoft Visual Studio Solution File, Format Version 12.00
# Visual Studio 2012
Project("{CC5FD16D-436D-48AD-A40C-5A424C6E3E79}") = "QueensEight.ServiceModel", "QueensEight.ServiceModel\QueensEight.ServiceModel.ccproj", "{B713757C-44FF-4DFE-98DE-A3F0014298E7}"
EndProject
Project("{FAE04EC0-301F-11D3-BF4B-00C04F79EFBC}") = "QueensEight.Web", "QueensEight.Web\QueensEight.Web.csproj", "{9451C20E-1599-4E1B-8DB3-6796B6F184E5}"
EndProject
Global
	GlobalSection(SolutionConfigurationPlatforms) = preSolution
		Debug|Any CPU = Debug|Any CPU
		Release|Any CPU = Release|Any CPU
	EndGlobalSection
	GlobalSection(ProjectConfigurationPlatforms) = postSolution
		{B713757C-44FF-4DFE-98DE-A3F0014298E7}.Debug|Any CPU.ActiveCfg = Debug|Any CPU
		{B713757C-44FF-4DFE-98DE-A3F0014298E7}.Debug|Any CPU.Build.0 = Debug|Any CPU
		{B713757C-44FF-4DFE-98DE-A3F0014298E7}.Release|Any CPU.ActiveCfg = Release|Any CPU
		{B713757C-44FF-4DFE-98DE-A3F0014298E7}.Release|Any CPU.Build.0 = Release|Any CPU
		{9451C20E-1599-4E1B-8DB3-6796B6F184E5}.Debug|Any CPU.ActiveCfg = Debug|Any CPU
		{9451C20E-1599-4E1B-8DB3-6796B6F184E5}.Debug|Any CPU.Build.0 = Debug|Any CPU
		{9451C20E-1599-4E1B-8DB3-6796B6F184E5}.Release|Any CPU.ActiveCfg = Release|Any CPU
		{9451C20E-1599-4E1B-8DB3-6796B6F184E5}.Release|Any CPU.Build.0 = Release|Any CPU
	EndGlobalSection
	GlobalSection(SolutionProperties) = preSolution
		HideSolutionNode = FALSE
	EndGlobalSection
EndGlobal
